
Microsoft Visual Studio Solution File, Format Version 11.00
# Visual Studio 2010
Project("{FAE04EC0-301F-11D3-BF4B-00C04F79EFBC}") = "Assembly-CSharp", "Assembly-CSharp.csproj", "{cb2c31d5-b80b-69cf-3d6d-b9de7968bec4}"
EndProject
Project("{FAE04EC0-301F-11D3-BF4B-00C04F79EFBC}") = "Assembly-CSharp-Editor", "Assembly-CSharp-Editor.csproj", "{329e0102-6a23-6b4f-4cc4-f2f5caaf13b4}"
EndProject
Global
	GlobalSection(SolutionConfigurationPlatforms) = preSolution
		Debug|Any CPU = Debug|Any CPU
		Release|Any CPU = Release|Any CPU
	EndGlobalSection
	GlobalSection(ProjectConfigurationPlatforms) = postSolution
		{cb2c31d5-b80b-69cf-3d6d-b9de7968bec4}.Debug|Any CPU.ActiveCfg = Debug|Any CPU
		{cb2c31d5-b80b-69cf-3d6d-b9de7968bec4}.Debug|Any CPU.Build.0 = Debug|Any CPU
		{cb2c31d5-b80b-69cf-3d6d-b9de7968bec4}.Release|Any CPU.ActiveCfg = Release|Any CPU
		{cb2c31d5-b80b-69cf-3d6d-b9de7968bec4}.Release|Any CPU.Build.0 = Release|Any CPU
		{329e0102-6a23-6b4f-4cc4-f2f5caaf13b4}.Debug|Any CPU.ActiveCfg = Debug|Any CPU
		{329e0102-6a23-6b4f-4cc4-f2f5caaf13b4}.Debug|Any CPU.Build.0 = Debug|Any CPU
		{329e0102-6a23-6b4f-4cc4-f2f5caaf13b4}.Release|Any CPU.ActiveCfg = Release|Any CPU
		{329e0102-6a23-6b4f-4cc4-f2f5caaf13b4}.Release|Any CPU.Build.0 = Release|Any CPU
	EndGlobalSection
	GlobalSection(SolutionProperties) = preSolution
		HideSolutionNode = FALSE
	EndGlobalSection
EndGlobal
